github.com/aws/aws-sdk-go-v2 v1.23.0 h1:PiHAzmiQQr6JULBUdvR8fKlA+UPKLT/8KbiqpFBWiAo=
github.com/aws/aws-sdk-go-v2 v1.23.0/go.mod h1:i1XDttT4rnf6vxc9AuskLc6s7XBee8rlLilKlc03uAA=
github.com/aws/aws-sdk-go-v2/aws/protocol/eventstream v1.5.0 h1:hHgLiIrTRtddC0AKcJr5s7i/hLgcpTt+q/FKxf1Zayk=
github.com/aws/aws-sdk-go-v2/aws/protocol/eventstream v1.5.0/go.mod h1:w4I/v3NOWgD+qvs1NPEwhd++1h3XPHFaVxasfY6HlYQ=
github.com/aws/aws-sdk-go-v2/config v1.25.3 h1:E4m9LbwJOoncDNt3e9MPLbz/saxWcGUlZVBydydD6+8=
github.com/aws/aws-sdk-go-v2/config v1.25.3/go.mod h1:tAByZy03nH5jcq0vZmkcVoo6tRzRHEwSFx3QW4NmDw8=
github.com/aws/aws-sdk-go-v2/credentials v1.16.2 h1:0sdZ5cwfOAipTzZ7eOL0gw4LAhk/RZnTa16cDqIt8tg=
github.com/aws/aws-sdk-go-v2/credentials v1.16.2/go.mod h1:sDdvGhXrSVT5yzBDR7qXz+rhbpiMpUYfF3vJ01QSdrc=
github.com/aws/aws-sdk-go-v2/feature/ec2/imds v1.14.4 h1:9wKDWEjwSnXZre0/O3+ZwbBl1SmlgWYBbrTV10X/H1s=
github.com/aws/aws-sdk-go-v2/feature/ec2/imds v1.14.4/go.mod h1:t4i+yGHMCcUNIX1x7YVYa6bH/Do7civ5I6cG/6PMfyA=
github.com/aws/aws-sdk-go-v2/internal/configsources v1.2.3 h1:DUwbD79T8gyQ23qVXFUthjzVMTviSHi3y4z58KvghhM=
github.com/aws/aws-sdk-go-v2/internal/configsources v1.2.3/go.mod h1:7sGSz1JCKHWWBHq98m6sMtWQikmYPpxjqOydDemiVoM=
github.com/aws/aws-sdk-go-v2/internal/endpoints/v2 v2.5.3 h1:AplLJCtIaUZDCbr6+gLYdsYNxne4iuaboJhVt9d+WXI=
github.com/aws/aws-sdk-go-v2/internal/endpoints/v2 v2.5.3/go.mod h1:ify42Rb7nKeDDPkFjKn7q1bPscVPu/+gmHH8d2c+anU=
github.com/aws/aws-sdk-go-v2/internal/ini v1.7.1 h1:uR9lXYjdPX0xY+NhvaJ4dD8rpSRz5VY81ccIIoNG+lw=
github.com/aws/aws-sdk-go-v2/internal/ini v1.7.1/go.mod h1:6fQQgfuGmw8Al/3M2IgIllycxV7ZW7WCdVSqfBeUiCY=
github.com/aws/aws-sdk-go-v2/internal/v4a v1.2.2 h1:pyVrNAf7Hwz0u39dLKN5t+n0+K/3rMYKuiOoIum3AsU=
github.com/aws/aws-sdk-go-v2/internal/v4a v1.2.2/go.mod h1:mydrfOb9uiOYCxuCPR8YHQNQyGQwUQ7gPMZGBKbH8NY=
github.com/aws/aws-sdk-go-v2/service/internal/accept-encoding v1.10.1 h1:rpkF4n0CyFcrJUG/rNNohoTmhtWlFTRI4BsZOh9PvLs=
github.com/aws/aws-sdk-go-v2/service/internal/accept-encoding v1.10.1/go.mod h1:l9ymW25HOqymeU2m1gbUQ3rUIsTwKs8gYHXkqDQUhiI=
github.com/aws/aws-sdk-go-v2/service/internal/checksum v1.2.2 h1:f2LhPofnjcdOQKRtumKjMvIHkfSQ8aH/rwKUDEQ/SB4=
github.com/aws/aws-sdk-go-v2/service/internal/checksum v1.2.2/go.mod h1:q+xX0H4OfuWDuBy7y/LDi4v8IBOWuF+vtp8Z6ex+lw4=
github.com/aws/aws-sdk-go-v2/service/internal/presigned-url v1.10.3 h1:kJOolE8xBAD13xTCgOakByZkyP4D/owNmvEiioeUNAg=
github.com/aws/aws-sdk-go-v2/service/internal/presigned-url v1.10.3/go.mod h1:Owv1I59vaghv1Ax8zz8ELY8DN7/Y0rGS+WWAmjgi950=
github.com/aws/aws-sdk-go-v2/service/internal/s3shared v1.16.2 h1:gbIaOzpXixUpoPK+js/bCBK1QBDXM22SigsnzGZio0U=
github.com/aws/aws-sdk-go-v2/service/internal/s3shared v1.16.2/go.mod h1:p+S7RNbdGN8qgHDSg2SCQJ9FeMAmvcETQiVpeGhYnNM=
github.com/aws/aws-sdk-go-v2/service/s3 v1.42.1 h1:o6MCcX1rJW8Y3g+hvg2xpjF6JR6DftuYhfl3Nc1WV9Q=
github.com/aws/aws-sdk-go-v2/service/s3 v1.42.1/go.mod h1:UDtxEWbREX6y4KREapT+jjtjoH0TiVSS6f5nfaY1UaM=
github.com/aws/aws-sdk-go-v2/service/sso v1.17.2 h1:V47N5eKgVZoRSvx2+RQ0EpAEit/pqOhqeSQFiS4OFEQ=
github.com/aws/aws-sdk-go-v2/service/sso v1.17.2/go.mod h1:/pE21vno3q1h4bbhUOEi+6Zu/aT26UK2WKkDXd+TssQ=
github.com/aws/aws-sdk-go-v2/service/ssooidc v1.20.0 h1:/XiEU7VIFcVWRDQLabyrSjBoKIm8UkYgsvWDuFW8Img=
github.com/aws/aws-sdk-go-v2/service/ssooidc v1.20.0/go.mod h1:dWqm5G767qwKPuayKfzm4rjzFmVjiBFbOJrpSPnAMDs=
github.com/aws/aws-sdk-go-v2/service/sts v1.25.3 h1:M2w4kiMGJCCM6Ljmmx/l6mmpfa3gPJVpBencfnsgvqs=
github.com/aws/aws-sdk-go-v2/service/sts v1.25.3/go.mod h1:4EqRHDCKP78hq3zOnmFXu5k0j4bXbRFfCh/zQ6KnEfQ=
github.com/aws/smithy-go v1.17.0 h1:wWJD7LX6PBV6etBUwO0zElG0nWN9rUhp0WdYeHSHAaI=
github.com/aws/smithy-go v1.17.0/go.mod h1:NukqUGpCZIILqqiV0NIjeFh24kd/FAa4beRb6nbIUPE=
github.com/cloudfoundry-community/go-cfenv v1.18.0 h1:dOIRSHUSaj4r6Q9Cx+nzz2OytHt+QNKqtOuKTQsa+zw=
github.com/cloudfoundry-community/go-cfenv v1.18.0/go.mod h1:qGMSI6lygPzqugFs9M1NFjJBtEPgl0MgT6drMFZGUoU=
github.com/fsnotify/fsnotify v1.4.7/go.mod h1:jwhsz4b93w/PPRr/qN1Yymfu8t87LnFCMoQvtojpjFo=
github.com/golang/protobuf v1.2.0/go.mod h1:6lQm79b+lXiMfvg/cZm0SGofjICqVBUtrP5yJMmIC1U=
github.com/golang/protobuf v1.4.0-rc.1/go.mod h1:ceaxUfeHdC40wWswd/P6IGgMaK3YpKi5j83Wpe3EHw8=
github.com/golang/protobuf v1.4.0-rc.1.0.20200221234624-67d41d38c208/go.mod h1:xKAWHe0F5eneWXFV3EuXVDTCmh+JuBKY0li0aMyXATA=
github.com/golang/protobuf v1.4.0-rc.2/go.mod h1:LlEzMj4AhA7rCAGe4KMBDvJI+AwstrUpVNzEA03Pprs=
github.com/golang/protobuf v1.4.0-rc.4.0.20200313231945-b860323f09d0/go.mod h1:WU3c8KckQ9AFe+yFwt9sWVRKCVIyN9cPHBJSNnbL67w=
github.com/golang/protobuf v1.4.0/go.mod h1:jodUvKwWbYaEsadDk5Fwe5c77LiNKVO9IDvqG2KuDX0=
github.com/golang/protobuf v1.4.2/go.mod h1:oDoupMAO8OvCJWAcko0GGGIgR6R6ocIYbsSw735rRwI=
github.com/google/go-cmp v0.3.0/go.mod h1:8QqcDgzrUqlUb/G2PQTWiueGozuR1884gddMywk6iLU=
github.com/google/go-cmp v0.3.1/go.mod h1:8QqcDgzrUqlUb/G2PQTWiueGozuR1884gddMywk6iLU=
github.com/google/go-cmp v0.4.0/go.mod h1:v8dTdLbMG2kIc/vJvl+f65V22dbkXbowE6jgT/gNBxE=
github.com/google/go-cmp v0.5.8 h1:e6P7q2lk1O+qJJb4BtCQXlK8vWEO8V1ZeuEdJNOqZyg=
github.com/google/go-cmp v0.5.8/go.mod h1:17dUlkBOakJ0+DkrSSNjCkIjxS6bF9zb3elmeNGIjoY=
github.com/hpcloud/tail v1.0.0/go.mod h1:ab1qPbhIpdTxEkNHXyeSf5vhxWSCs/tWer42PpOxQnU=
github.com/joefitzgerald/rainbow-reporter v0.1.0 h1:AuMG652zjdzI0YCCnXAqATtRBpGXMcAnrajcaTrSeuo=
github.com/joefitzgerald/rainbow-reporter v0.1.0/go.mod h1:481CNgqmVHQZzdIbN52CupLJyoVwB10FQ/IQlF1pdL8=
github.com/mitchellh/mapstructure v1.1.2/go.mod h1:FVVH3fgwuzCH5S8UJGiWEs2h04kUh9fWfEaFds41c1Y=
github.com/mitchellh/mapstructure v1.5.0 h1:jeMsZIYE/09sWLaz43PL7Gy6RuMjD2eJVyuac5Z2hdY=
github.com/mitchellh/mapstructure v1.5.0/go.mod h1:bFUtVrKA4DC2yAKiSyO/QUcy7e+RRV2QTWOzhPopBRo=
github.com/nxadm/tail v1.4.4/go.mod h1:kenIhsEOeOJmVchQTgglprH7qJGnHDVpk1VPCcaMI8A=
github.com/onsi/ginkgo v1.6.0/go.mod h1:lLunBs/Ym6LB5Z9jYTR76FiuTmxDTDusOGeTQH+WWjE=
github.com/onsi/ginkgo v1.8.0/go.mod h1:lLunBs/Ym6LB5Z9jYTR76FiuTmxDTDusOGeTQH+WWjE=
github.com/onsi/ginkgo v1.12.1/go.mod h1:zj2OWP4+oCPe1qIXoGWkgMRwljMUYCdkwsT2108oapk=
github.com/onsi/gomega v1.5.0/go.mod h1:ex+gbHU/CVuBBDIJjb2X0qEXbFg53c61hWP/1CpauHY=
github.com/onsi/gomega v1.7.1/go.mod h1:XdKZgCCFLUoM/7CFJVPcG8C1xQ1AJ0vpAezJrB7JYyY=
github.com/onsi/gomega v1.10.5 h1:7n6FEkpFmfCoo2t+YYqXH0evK+a9ICQz0xcAy9dYcaQ=
github.com/onsi/gomega v1.10.5/go.mod h1:gza4q3jKQJijlu05nKWRCW/GavJumGt8aNRxWg7mt48=
github.com/sclevine/spec v1.2.0 h1:1Jwdf9jSfDl9NVmt8ndHqbTZ7XCCPbh1jI3hkDBHVYA=
github.com/sclevine/spec v1.2.0/go.mod h1:W4J29eT/Kzv7/b9IWLB055Z+qvVC9vt0Arko24q7p+U=
golang.org/x/crypto v0.0.0-20190308221718-c2843e01d9a2/go.mod h1:djNgcEr1/C05ACkg1iLfiJU5Ep61QUkGW8qpdssI0+w=
golang.org/x/crypto v0.0.0-20200622213623-75b288015ac9/go.mod h1:LzIPMQfyMNhhGPhUkYOs5KpL4U8rLKemX1yGLhDgUto=
golang.org/x/net v0.0.0-20180906233101-161cd47e91fd/go.mod h1:mL1N/T3taQHkDXs73rZJwtUhF3w3ftmwwsq0BUmARs4=
golang.org/x/net v0.0.0-20190404232315-eb5bcb51f2a3/go.mod h1:t9HGtf8HONx5eT2rtn7q6eTqICYqUVnKs3thJo3Qplg=
golang.org/x/net v0.0.0-20201202161906-c7110b5ffcbb/go.mod h1:sp8m0HH+o8qH0wwXwYZr8TS3Oi6o0r6Gce1SSxlDquU=
golang.org/x/net v0.0.0-20210614182718-04defd469f4e h1:XpT3nA5TvE525Ne3hInMh6+GETgn27Zfm9dxsThnX2Q=
golang.org/x/net v0.0.0-20210614182718-04defd469f4e/go.mod h1:9nx3DQGgdP8bBQD5qxJ1jj9UTztislL4KSBs9R2vV5Y=
golang.org/x/sync v0.0.0-20180314180146-1d60e4601c6f/go.mod h1:RxMgew5VJxzue5/jJTE5uejpjVlOe/izrB70Jof72aM=
golang.org/x/sys v0.0.0-20180909124046-d0be0721c37e/go.mod h1:STP8DvDyc/dI5b8T5hshtkjS+E42TnysNCUPdjciGhY=
golang.org/x/sys v0.0.0-20190215142949-d0b11bdaac8a/go.mod h1:STP8DvDyc/dI5b8T5hshtkjS+E42TnysNCUPdjciGhY=
golang.org/x/sys v0.0.0-20190412213103-97732733099d/go.mod h1:h1NjWce9XRLGQEsW7wpKNCjG9DtNlClVuFLEZdDNbEs=
golang.org/x/sys v0.0.0-20190904154756-749cb33beabd/go.mod h1:h1NjWce9XRLGQEsW7wpKNCjG9DtNlClVuFLEZdDNbEs=
golang.org/x/sys v0.0.0-20191120155948-bd437916bb0e/go.mod h1:h1NjWce9XRLGQEsW7wpKNCjG9DtNlClVuFLEZdDNbEs=
golang.org/x/sys v0.0.0-20200930185726-fdedc70b468f/go.mod h1:h1NjWce9XRLGQEsW7wpKNCjG9DtNlClVuFLEZdDNbEs=
golang.org/x/text v0.3.0/go.mod h1:NqM8EUOU14njkJ3fqMW+pc6Ldnwhi/IjpwHt7yyuwOQ=
golang.org/x/text v0.3.3/go.mod h1:5Zoc/QRtKVWzQhOtBMvqHzDpF6irO9z98xDceosuGiQ=
golang.org/x/text v0.3.6 h1:aRYxNxv6iGQlyVaZmk6ZgYEDa+Jg18DxebPSrd6bg1M=
golang.org/x/text v0.3.6/go.mod h1:5Zoc/QRtKVWzQhOtBMvqHzDpF6irO9z98xDceosuGiQ=
golang.org/x/tools v0.0.0-20180917221912-90fa682c2a6e/go.mod h1:n7NCudcB/nEzxVGmLbDWY5pfWTLqBcC2KZ6jyYvM4mQ=
golang.org/x/xerrors v0.0.0-20191204190536-9bdfabe68543/go.mod h1:I/5z698sn9Ka8TeJc9MKroUUfqBBauWjQqLJ2OPfmY0=
google.golang.org/protobuf v0.0.0-20200109180630-ec00e32a8dfd/go.mod h1:DFci5gLYBciE7Vtevhsrf46CRTquxDuWsQurQQe4oz8=
google.golang.org/protobuf v0.0.0-20200221191635-4d8936d0db64/go.mod h1:kwYJMbMJ01Woi6D6+Kah6886xMZcty6N08ah7+eCXa0=
google.golang.org/protobuf v0.0.0-20200228230310-ab0ca4ff8a60/go.mod h1:cfTl7dwQJ+fmap5saPgwCLgHXTUD7jkjRqWcaiX5VyM=
google.golang.org/protobuf v1.20.1-0.20200309200217-e05f789c0967/go.mod h1:A+miEFZTKqfCUM6K7xSMQL9OKL/b6hQv+e19PK+JZNE=
google.golang.org/protobuf v1.21.0/go.mod h1:47Nbq4nVaFHyn7ilMalzfO3qCViNmqZ2kzikPIcrTAo=
google.golang.org/protobuf v1.23.0/go.mod h1:EGpADcykh3NcUnDUJcl1+ZksZNG86OlYog2l/sGQquU=
gopkg.in/check.v1 v0.0.0-20161208181325-20d25e280405/go.mod h1:Co6ibVJAznAaIkqp8huTwlJQCZ016jof/cbN4VW5Yz0=
gopkg.in/fsnotify.v1 v1.4.7/go.mod h1:Tz8NjZHkW78fSQdbUxIjBTcgA1z1m8ZHf0WmKUhAMys=
gopkg.in/tomb.v1 v1.0.0-20141024135613-dd632973f1e7/go.mod h1:dt/ZhP58zS4L8KSrWDmTeBkI65Dw0HsyUHuEVlX15mw=
gopkg.in/yaml.v2 v2.2.1/go.mod h1:hI93XBmqTisBFMUTm0b8Fm+jr3Dg1NNxqwp+5A1VGuI=
gopkg.in/yaml.v2 v2.2.4/go.mod h1:hI93XBmqTisBFMUTm0b8Fm+jr3Dg1NNxqwp+5A1VGuI=
gopkg.in/yaml.v2 v2.3.0 h1:clyUAQHOM3G0M3f5vQj7LuJrETvjVot3Z5el9nffUtU=
gopkg.in/yaml.v2 v2.3.0/go.mod h1:hI93XBmqTisBFMUTm0b8Fm+jr3Dg1NNxqwp+5A1VGuI=
